// !$*UTF8*$!
{
	archiveVersion = 1;
	classes = {
	};
	objectVersion = 50;
	objects = {

/* Begin PBXBuildFile section */
		B781F6332446D509008CA39D /* AppDelegate.swift in Sources */ = {isa = PBXBuildFile; fileRef = B781F6322446D509008CA39D /* AppDelegate.swift */; };
		B781F6352446D509008CA39D /* SceneDelegate.swift in Sources */ = {isa = PBXBuildFile; fileRef = B781F6342446D509008CA39D /* SceneDelegate.swift */; };
		B781F6372446D509008CA39D /* ViewController.swift in Sources */ = {isa = PBXBuildFile; fileRef = B781F6362446D509008CA39D /* ViewController.swift */; };
		B781F63A2446D509008CA39D /* Main.storyboard in Resources */ = {isa = PBXBuildFile; fileRef = B781F6382446D509008CA39D /* Main.storyboard */; };
		B781F63C2446D51A008CA39D /* Assets.xcassets in Resources */ = {isa = PBXBuildFile; fileRef = B781F63B2446D51A008CA39D /* Assets.xcassets */; };
		B781F63F2446D51A008CA39D /* LaunchScreen.storyboard in Resources */ = {isa = PBXBuildFile; fileRef = B781F63D2446D51A008CA39D /* LaunchScreen.storyboard */; };
		B781F6492446E299008CA39D /* Story.swift in Sources */ = {isa = PBXBuildFile; fileRef = B781F6482446E299008CA39D /* Story.swift */; };
		B781F64D2446E391008CA39D /* StoryBrain.swift in Sources */ = {isa = PBXBuildFile; fileRef = B781F64C2446E391008CA39D /* StoryBrain.swift */; };
/* End PBXBuildFile section */

/* Begin PBXFileReference section */
		B781F62F2446D509008CA39D /* Destini.app */ = {isa = PBXFileReference; explicitFileType = wrapper.application; includeInIndex = 0; path = Destini.app; sourceTree = BUILT_PRODUCTS_DIR; };
		B781F6322446D509008CA39D /* AppDelegate.swift */ = {isa = PBXFileReference; lastKnownFileType = sourcecode.swift; path = AppDelegate.swift; sourceTree = "<group>"; };
		B781F6342446D509008CA39D /* SceneDelegate.swift */ = {isa = PBXFileReference; lastKnownFileType = sourcecode.swift; path = SceneDelegate.swift; sourceTree = "<group>"; };
		B781F6362446D509008CA39D /* ViewController.swift */ = {isa = PBXFileReference; lastKnownFileType = sourcecode.swift; path = ViewController.swift; sourceTree = "<group>"; };
		B781F6392446D509008CA39D /* Base */ = {isa = PBXFileReference; lastKnownFileType = file.storyboard; name = Base; path = Base.lproj/Main.storyboard; sourceTree = "<group>"; };
		B781F63B2446D51A008CA39D /* Assets.xcassets */ = {isa = PBXFileReference; lastKnownFileType = folder.assetcatalog; path = Assets.xcassets; sourceTree = "<group>"; };
		B781F63E2446D51A008CA39D /* Base */ = {isa = PBXFileReference; lastKnownFileType = file.storyboard; name = Base; path = Base.lproj/LaunchScreen.storyboard; sourceTree = "<group>"; };
		B781F6402446D51A008CA39D /* Info.plist */ = {isa = PBXFileReference; lastKnownFileType = text.plist.xml; path = Info.plist; sourceTree = "<group>"; };
		B781F6482446E299008CA39D /* Story.swift */ = {isa = PBXFileReference; lastKnownFileType = sourcecode.swift; path = Story.swift; sourceTree = "<group>"; };
		B781F64C2446E391008CA39D /* StoryBrain.swift */ = {isa = PBXFileReference; lastKnownFileType = sourcecode.swift; path = StoryBrain.swift; sourceTree = "<group>"; };
/* End PBXFileReference section */

/* Begin PBXFrameworksBuildPhase section */
		B781F62C2446D509008CA39D /* Frameworks */ = {
			isa = PBXFrameworksBuildPhase;
			buildActionMask = 2147483647;
			files = (
			);
			runOnlyForDeploymentPostprocessing = 0;
		};
/* End PBXFrameworksBuildPhase section */

/* Begin PBXGroup section */
		B781F6262446D509008CA39D = {
			isa = PBXGroup;
			children = (
				B781F6312446D509008CA39D /* Destini */,
				B781F6302446D509008CA39D /* Products */,
			);
			sourceTree = "<group>";
		};
		B781F6302446D509008CA39D /* Products */ = {
			isa = PBXGroup;
			children = (
				B781F62F2446D509008CA39D /* Destini.app */,
			);
			name = Products;
			sourceTree = "<group>";
		};
		B781F6312446D509008CA39D /* Destini */ = {
			isa = PBXGroup;
			children = (
				B781F6322446D509008CA39D /* AppDelegate.swift */,
				B781F6342446D509008CA39D /* SceneDelegate.swift */,
				B781F6462446DCE9008CA39D /* Controller */,
				B781F6472446DCF2008CA39D /* View */,
				B781F63B2446D51A008CA39D /* Assets.xcassets */,
				B781F63D2446D51A008CA39D /* LaunchScreen.storyboard */,
				B781F6402446D51A008CA39D /* Info.plist */,
				B781F64B2446E2AC008CA39D /* Model */,
			);
			path = Destini;
			sourceTree = "<group>";
		};
		B781F6462446DCE9008CA39D /* Controller */ = {
			isa = PBXGroup;
			children = (
				B781F6362446D509008CA39D /* ViewController.swift */,
			);
			path = Controller;
			sourceTree = "<group>";
		};
		B781F6472446DCF2008CA39D /* View */ = {
			isa = PBXGroup;
			children = (
				B781F6382446D509008CA39D /* Main.storyboard */,
			);
			path = View;
			sourceTree = "<group>";
		};
		B781F64B2446E2AC008CA39D /* Model */ = {
			isa = PBXGroup;
			children = (
				B781F6482446E299008CA39D /* Story.swift */,
				B781F64C2446E391008CA39D /* StoryBrain.swift */,
			);
			path = Model;
			sourceTree = "<group>";
		};
/* End PBXGroup section */

/* Begin PBXNativeTarget section */
		B781F62E2446D509008CA39D /* Destini */ = {
			isa = PBXNativeTarget;
			buildConfigurationList = B781F6432446D51A008CA39D /* Build configuration list for PBXNativeTarget "Destini" */;
			buildPhases = (
				B781F62B2446D509008CA39D /* Sources */,
				B781F62C2446D509008CA39D /* Frameworks */,
				B781F62D2446D509008CA39D /* Resources */,
			);
			buildRules = (
			);
			dependencies = (
			);
			name = Destini;
			productName = Destini;
			productReference = B781F62F2446D509008CA39D /* Destini.app */;
			productType = "com.apple.product-type.application";
		};
/* End PBXNativeTarget section */

/* Begin PBXProject section */
		B781F6272446D509008CA39D /* Project object */ = {
			isa = PBXProject;
			attributes = {
				LastSwiftUpdateCheck = 1140;
				LastUpgradeCheck = 1140;
				ORGANIZATIONNAME = "Rahul Sharma";
				TargetAttributes = {
					B781F62E2446D509008CA39D = {
						CreatedOnToolsVersion = 11.4;
					};
				};
			};
			buildConfigurationList = B781F62A2446D509008CA39D /* Build configuration list for PBXProject "Destini" */;
			compatibilityVersion = "Xcode 9.3";
			developmentRegion = en;
			hasScannedForEncodings = 0;
			knownRegions = (
				en,
				Base,
			);
			mainGroup = B781F6262446D509008CA39D;
			productRefGroup = B781F6302446D509008CA39D /* Products */;
			projectDirPath = "";
			projectRoot = "";
			targets = (
				B781F62E2446D509008CA39D /* Destini */,
			);
		};
/* End PBXProject section */

/* Begin PBXResourcesBuildPhase section */
		B781F62D2446D509008CA39D /* Resources */ = {
			isa = PBXResourcesBuildPhase;
			buildActionMask = 2147483647;
			files = (
				B781F63F2446D51A008CA39D /* LaunchScreen.storyboard in Resources */,
				B781F63C2446D51A008CA39D /* Assets.xcassets in Resources */,
				B781F63A2446D509008CA39D /* Main.storyboard in Resources */,
			);
			runOnlyForDeploymentPostprocessing = 0;
		};
/* End PBXResourcesBuildPhase section */

/* Begin PBXSourcesBuildPhase section */
		B781F62B2446D509008CA39D /* Sources */ = {
			isa = PBXSourcesBuildPhase;
			buildActionMask = 2147483647;
			files = (
				B781F64D2446E391008CA39D /* StoryBrain.swift in Sources */,
				B781F6372446D509008CA39D /* ViewController.swift in Sources */,
				B781F6332446D509008CA39D /* AppDelegate.swift in Sources */,
				B781F6352446D509008CA39D /* SceneDelegate.swift in Sources */,
				B781F6492446E299008CA39D /* Story.swift in Sources */,
			);
			runOnlyForDeploymentPostprocessing = 0;
		};
/* End PBXSourcesBuildPhase section */

/* Begin PBXVariantGroup section */
		B781F6382446D509008CA39D /* Main.storyboard */ = {
			isa = PBXVariantGroup;
			children = (
				B781F6392446D509008CA39D /* Base */,
			);
			name = Main.storyboard;
			sourceTree = "<group>";
		};
		B781F63D2446D51A008CA39D /* LaunchScreen.storyboard */ = {
			isa = PBXVariantGroup;
			children = (
				B781F63E2446D51A008CA39D /* Base */,
			);
			name = LaunchScreen.storyboard;
			sourceTree = "<group>";
		};
/* End PBXVariantGroup section */

/* Begin XCBuildConfiguration section */
		B781F6412446D51A008CA39D /* Debug */ = {
			isa = XCBuildConfiguration;
			buildSettings = {
				ALWAYS_SEARCH_USER_PATHS = NO;
				CLANG_ANALYZER_NONNULL = YES;
				CLANG_ANALYZER_NUMBER_OBJECT_CONVERSION = YES_AGGRESSIVE;
				CLANG_CXX_LANGUAGE_STANDARD = "gnu++14";
				CLANG_CXX_LIBRARY = "libc++";
				CLANG_ENABLE_MODULES = YES;
				CLANG_ENABLE_OBJC_ARC = YES;
				CLANG_ENABLE_OBJC_WEAK = YES;
				CLANG_WARN_BLOCK_CAPTURE_AUTORELEASING = YES;
				CLANG_WARN_BOOL_CONVERSION = YES;
				CLANG_WARN_COMMA = YES;
				CLANG_WARN_CONSTANT_CONVERSION = YES;
				CLANG_WARN_DEPRECATED_OBJC_IMPLEMENTATIONS = YES;
				CLANG_WARN_DIRECT_OBJC_ISA_USAGE = YES_ERROR;
				CLANG_WARN_DOCUMENTATION_COMMENTS = YES;
				CLANG_WARN_EMPTY_BODY = YES;
				CLANG_WARN_ENUM_CONVERSION = YES;
				CLANG_WARN_INFINITE_RECURSION = YES;
				CLANG_WARN_INT_CONVERSION = YES;
				CLANG_WARN_NON_LITERAL_NULL_CONVERSION = YES;
				CLANG_WARN_OBJC_IMPLICIT_RETAIN_SELF = YES;
				CLANG_WARN_OBJC_LITERAL_CONVERSION = YES;
				CLANG_WARN_OBJC_ROOT_CLASS = YES_ERROR;
				CLANG_WARN_RANGE_LOOP_ANALYSIS = YES;
				CLANG_WARN_STRICT_PROTOTYPES = YES;
				CLANG_WARN_SUSPICIOUS_MOVE = YES;
				CLANG_WARN_UNGUARDED_AVAILABILITY = YES_AGGRESSIVE;
				CLANG_WARN_UNREACHABLE_CODE = YES;
				CLANG_WARN__DUPLICATE_METHOD_MATCH = YES;
				COPY_PHASE_STRIP = NO;
				DEBUG_INFORMATION_FORMAT = dwarf;
				ENABLE_STRICT_OBJC_MSGSEND = YES;
				ENABLE_TESTABILITY = YES;
				GCC_C_LANGUAGE_STANDARD = gnu11;
				GCC_DYNAMIC_NO_PIC = NO;
				GCC_NO_COMMON_BLOCKS = YES;
				GCC_OPTIMIZATION_LEVEL = 0;
				GCC_PREPROCESSOR_DEFINITIONS = (
					"DEBUG=1",
					"$(inherited)",
				);
				GCC_WARN_64_TO_32_BIT_CONVERSION = YES;
				GCC_WARN_ABOUT_RETURN_TYPE = YES_ERROR;
				GCC_WARN_UNDECLARED_SELECTOR = YES;
				GCC_WARN_UNINITIALIZED_AUTOS = YES_AGGRESSIVE;
				GCC_WARN_UNUSED_FUNCTION = YES;
				GCC_WARN_UNUSED_VARIABLE = YES;
				IPHONEOS_DEPLOYMENT_TARGET = 13.4;
				MTL_ENABLE_DEBUG_INFO = INCLUDE_SOURCE;
				MTL_FAST_MATH = YES;
				ONLY_ACTIVE_ARCH = YES;
				SDKROOT = iphoneos;
				SWIFT_ACTIVE_COMPILATION_CONDITIONS = DEBUG;
				SWIFT_OPTIMIZATION_LEVEL = "-Onone";
			};
			name = Debug;
		};
		B781F6422446D51A008CA39D /* Release */ = {
			isa = XCBuildConfiguration;
			buildSettings = {
				ALWAYS_SEARCH_USER_PATHS = NO;
				CLANG_ANALYZER_NONNULL = YES;
				CLANG_ANALYZER_NUMBER_OBJECT_CONVERSION = YES_AGGRESSIVE;
				CLANG_CXX_LANGUAGE_STANDARD = "gnu++14";
				CLANG_CXX_LIBRARY = "libc++";
				CLANG_ENABLE_MODULES = YES;
				CLANG_ENABLE_OBJC_ARC = YES;
				CLANG_ENABLE_OBJC_WEAK = YES;
				CLANG_WARN_BLOCK_CAPTURE_AUTORELEASING = YES;
				CLANG_WARN_BOOL_CONVERSION = YES;
				CLANG_WARN_COMMA = YES;
				CLANG_WARN_CONSTANT_CONVERSION = YES;
				CLANG_WARN_DEPRECATED_OBJC_IMPLEMENTATIONS = YES;
				CLANG_WARN_DIRECT_OBJC_ISA_USAGE = YES_ERROR;
				CLANG_WARN_DOCUMENTATION_COMMENTS = YES;
				CLANG_WARN_EMPTY_BODY = YES;
				CLANG_WARN_ENUM_CONVERSION = YES;
				CLANG_WARN_INFINITE_RECURSION = YES;
				CLANG_WARN_INT_CONVERSION = YES;
				CLANG_WARN_NON_LITERAL_NULL_CONVERSION = YES;
				CLANG_WARN_OBJC_IMPLICIT_RETAIN_SELF = YES;
				CLANG_WARN_OBJC_LITERAL_CONVERSION = YES;
				CLANG_WARN_OBJC_ROOT_CLASS = YES_ERROR;
				CLANG_WARN_RANGE_LOOP_ANALYSIS = YES;
				CLANG_WARN_STRICT_PROTOTYPES = YES;
				CLANG_WARN_SUSPICIOUS_MOVE = YES;
				CLANG_WARN_UNGUARDED_AVAILABILITY = YES_AGGRESSIVE;
				CLANG_WARN_UNREACHABLE_CODE = YES;
				CLANG_WARN__DUPLICATE_METHOD_MATCH = YES;
				COPY_PHASE_STRIP = NO;
				DEBUG_INFORMATION_FORMAT = "dwarf-with-dsym";
				ENABLE_NS_ASSERTIONS = NO;
				ENABLE_STRICT_OBJC_MSGSEND = YES;
				GCC_C_LANGUAGE_STANDARD = gnu11;
				GCC_NO_COMMON_BLOCKS = YES;
				GCC_WARN_64_TO_32_BIT_CONVERSION = YES;
				GCC_WARN_ABOUT_RETURN_TYPE = YES_ERROR;
				GCC_WARN_UNDECLARED_SELECTOR = YES;
				GCC_WARN_UNINITIALIZED_AUTOS = YES_AGGRESSIVE;
				GCC_WARN_UNUSED_FUNCTION = YES;
				GCC_WARN_UNUSED_VARIABLE = YES;
				IPHONEOS_DEPLOYMENT_TARGET = 13.4;
				MTL_ENABLE_DEBUG_INFO = NO;
				MTL_FAST_MATH = YES;
				SDKROOT = iphoneos;
				SWIFT_COMPILATION_MODE = wholemodule;
				SWIFT_OPTIMIZATION_LEVEL = "-O";
				VALIDATE_PRODUCT = YES;
			};
			name = Release;
		};
		B781F6442446D51A008CA39D /* Debug */ = {
			isa = XCBuildConfiguration;
			buildSettings = {
				ASSETCATALOG_COMPILER_APPICON_NAME = AppIcon;
				CODE_SIGN_STYLE = Automatic;
				INFOPLIST_FILE = Destini/Info.plist;
				LD_RUNPATH_SEARCH_PATHS = (
					"$(inherited)",
					"@executable_path/Frameworks",
				);
				PRODUCT_BUNDLE_IDENTIFIER = begin.rahul.Destini;
				PRODUCT_NAME = "$(TARGET_NAME)";
				SWIFT_VERSION = 5.0;
				TARGETED_DEVICE_FAMILY = "1,2";
			};
			name = Debug;
		};
		B781F6452446D51A008CA39D /* Release */ = {
			isa = XCBuildConfiguration;
			buildSettings = {
				ASSETCATALOG_COMPILER_APPICON_NAME = AppIcon;
				CODE_SIGN_STYLE = Automatic;
				INFOPLIST_FILE = Destini/Info.plist;
				LD_RUNPATH_SEARCH_PATHS = (
					"$(inherited)",
					"@executable_path/Frameworks",
				);
				PRODUCT_BUNDLE_IDENTIFIER = begin.rahul.Destini;
				PRODUCT_NAME = "$(TARGET_NAME)";
				SWIFT_VERSION = 5.0;
				TARGETED_DEVICE_FAMILY = "1,2";
			};
			name = Release;
		};
/* End XCBuildConfiguration section */

/* Begin XCConfigurationList section */
		B781F62A2446D509008CA39D /* Build configuration list for PBXProject "Destini" */ = {
			isa = XCConfigurationList;
			buildConfigurations = (
				B781F6412446D51A008CA39D /* Debug */,
				B781F6422446D51A008CA39D /* Release */,
			);
			defaultConfigurationIsVisible = 0;
			defaultConfigurationName = Release;
		};
		B781F6432446D51A008CA39D /* Build configuration list for PBXNativeTarget "Destini" */ = {
			isa = XCConfigurationList;
			buildConfigurations = (
				B781F6442446D51A008CA39D /* Debug */,
				B781F6452446D51A008CA39D /* Release */,
			);
			defaultConfigurationIsVisible = 0;
			defaultConfigurationName = Release;
		};
/* End XCConfigurationList section */
	};
	rootObject = B781F6272446D509008CA39D /* Project object */;
}
